// !$*UTF8*$!
{
	archiveVersion = 1;
	classes = {
	};
	objectVersion = 50;
	objects = {

/* Begin PBXBuildFile section */
		C03920CA254F859600301427 /* DinderApp.swift in Sources */ = {isa = PBXBuildFile; fileRef = C03920C9254F859600301427 /* DinderApp.swift */; };
		C03920CC254F859600301427 /* ContentView.swift in Sources */ = {isa = PBXBuildFile; fileRef = C03920CB254F859600301427 /* ContentView.swift */; };
		C03920CE254F859900301427 /* Assets.xcassets in Resources */ = {isa = PBXBuildFile; fileRef = C03920CD254F859900301427 /* Assets.xcassets */; };
		C03920D1254F859900301427 /* Preview Assets.xcassets in Resources */ = {isa = PBXBuildFile; fileRef = C03920D0254F859900301427 /* Preview Assets.xcassets */; };
		C03920DC254F859900301427 /* DinderTests.swift in Sources */ = {isa = PBXBuildFile; fileRef = C03920DB254F859900301427 /* DinderTests.swift */; };
		C03920E7254F859900301427 /* DinderUITests.swift in Sources */ = {isa = PBXBuildFile; fileRef = C03920E6254F859900301427 /* DinderUITests.swift */; };
/* End PBXBuildFile section */

/* Begin PBXContainerItemProxy section */
		C03920D8254F859900301427 /* PBXContainerItemProxy */ = {
			isa = PBXContainerItemProxy;
			containerPortal = C03920BE254F859600301427 /* Project object */;
			proxyType = 1;
			remoteGlobalIDString = C03920C5254F859600301427;
			remoteInfo = Dinder;
		};
		C03920E3254F859900301427 /* PBXContainerItemProxy */ = {
			isa = PBXContainerItemProxy;
			containerPortal = C03920BE254F859600301427 /* Project object */;
			proxyType = 1;
			remoteGlobalIDString = C03920C5254F859600301427;
			remoteInfo = Dinder;
		};
/* End PBXContainerItemProxy section */

/* Begin PBXFileReference section */
		C03920C6254F859600301427 /* Dinder.app */ = {isa = PBXFileReference; explicitFileType = wrapper.application; includeInIndex = 0; path = Dinder.app; sourceTree = BUILT_PRODUCTS_DIR; };
		C03920C9254F859600301427 /* DinderApp.swift */ = {isa = PBXFileReference; lastKnownFileType = sourcecode.swift; path = DinderApp.swift; sourceTree = "<group>"; };
		C03920CB254F859600301427 /* ContentView.swift */ = {isa = PBXFileReference; lastKnownFileType = sourcecode.swift; path = ContentView.swift; sourceTree = "<group>"; };
		C03920CD254F859900301427 /* Assets.xcassets */ = {isa = PBXFileReference; lastKnownFileType = folder.assetcatalog; path = Assets.xcassets; sourceTree = "<group>"; };
		C03920D0254F859900301427 /* Preview Assets.xcassets */ = {isa = PBXFileReference; lastKnownFileType = folder.assetcatalog; path = "Preview Assets.xcassets"; sourceTree = "<group>"; };
		C03920D2254F859900301427 /* Info.plist */ = {isa = PBXFileReference; lastKnownFileType = text.plist.xml; path = Info.plist; sourceTree = "<group>"; };
		C03920D7254F859900301427 /* DinderTests.xctest */ = {isa = PBXFileReference; explicitFileType = wrapper.cfbundle; includeInIndex = 0; path = DinderTests.xctest; sourceTree = BUILT_PRODUCTS_DIR; };
		C03920DB254F859900301427 /* DinderTests.swift */ = {isa = PBXFileReference; lastKnownFileType = sourcecode.swift; path = DinderTests.swift; sourceTree = "<group>"; };
		C03920DD254F859900301427 /* Info.plist */ = {isa = PBXFileReference; lastKnownFileType = text.plist.xml; path = Info.plist; sourceTree = "<group>"; };
		C03920E2254F859900301427 /* DinderUITests.xctest */ = {isa = PBXFileReference; explicitFileType = wrapper.cfbundle; includeInIndex = 0; path = DinderUITests.xctest; sourceTree = BUILT_PRODUCTS_DIR; };
		C03920E6254F859900301427 /* DinderUITests.swift */ = {isa = PBXFileReference; lastKnownFileType = sourcecode.swift; path = DinderUITests.swift; sourceTree = "<group>"; };
		C03920E8254F859900301427 /* Info.plist */ = {isa = PBXFileReference; lastKnownFileType = text.plist.xml; path = Info.plist; sourceTree = "<group>"; };
/* End PBXFileReference section */

/* Begin PBXFrameworksBuildPhase section */
		C03920C3254F859600301427 /* Frameworks */ = {
			isa = PBXFrameworksBuildPhase;
			buildActionMask = 2147483647;
			files = (
			);
			runOnlyForDeploymentPostprocessing = 0;
		};
		C03920D4254F859900301427 /* Frameworks */ = {
			isa = PBXFrameworksBuildPhase;
			buildActionMask = 2147483647;
			files = (
			);
			runOnlyForDeploymentPostprocessing = 0;
		};
		C03920DF254F859900301427 /* Frameworks */ = {
			isa = PBXFrameworksBuildPhase;
			buildActionMask = 2147483647;
			files = (
			);
			runOnlyForDeploymentPostprocessing = 0;
		};
/* End PBXFrameworksBuildPhase section */

/* Begin PBXGroup section */
		C03920BD254F859600301427 = {
			isa = PBXGroup;
			children = (
				C03920C8254F859600301427 /* Dinder */,
				C03920DA254F859900301427 /* DinderTests */,
				C03920E5254F859900301427 /* DinderUITests */,
				C03920C7254F859600301427 /* Products */,
			);
			sourceTree = "<group>";
		};
		C03920C7254F859600301427 /* Products */ = {
			isa = PBXGroup;
			children = (
				C03920C6254F859600301427 /* Dinder.app */,
				C03920D7254F859900301427 /* DinderTests.xctest */,
				C03920E2254F859900301427 /* DinderUITests.xctest */,
			);
			name = Products;
			sourceTree = "<group>";
		};
		C03920C8254F859600301427 /* Dinder */ = {
			isa = PBXGroup;
			children = (
				C03920C9254F859600301427 /* DinderApp.swift */,
				C03920CB254F859600301427 /* ContentView.swift */,
				C03920CD254F859900301427 /* Assets.xcassets */,
				C03920D2254F859900301427 /* Info.plist */,
				C03920CF254F859900301427 /* Preview Content */,
			);
			path = Dinder;
			sourceTree = "<group>";
		};
		C03920CF254F859900301427 /* Preview Content */ = {
			isa = PBXGroup;
			children = (
				C03920D0254F859900301427 /* Preview Assets.xcassets */,
			);
			path = "Preview Content";
			sourceTree = "<group>";
		};
		C03920DA254F859900301427 /* DinderTests */ = {
			isa = PBXGroup;
			children = (
				C03920DB254F859900301427 /* DinderTests.swift */,
				C03920DD254F859900301427 /* Info.plist */,
			);
			path = DinderTests;
			sourceTree = "<group>";
		};
		C03920E5254F859900301427 /* DinderUITests */ = {
			isa = PBXGroup;
			children = (
				C03920E6254F859900301427 /* DinderUITests.swift */,
				C03920E8254F859900301427 /* Info.plist */,
			);
			path = DinderUITests;
			sourceTree = "<group>";
		};
/* End PBXGroup section */

/* Begin PBXNativeTarget section */
		C03920C5254F859600301427 /* Dinder */ = {
			isa = PBXNativeTarget;
			buildConfigurationList = C03920EB254F859900301427 /* Build configuration list for PBXNativeTarget "Dinder" */;
			buildPhases = (
				C03920C2254F859600301427 /* Sources */,
				C03920C3254F859600301427 /* Frameworks */,
				C03920C4254F859600301427 /* Resources */,
			);
			buildRules = (
			);
			dependencies = (
			);
			name = Dinder;
			productName = Dinder;
			productReference = C03920C6254F859600301427 /* Dinder.app */;
			productType = "com.apple.product-type.application";
		};
		C03920D6254F859900301427 /* DinderTests */ = {
			isa = PBXNativeTarget;
			buildConfigurationList = C03920EE254F859900301427 /* Build configuration list for PBXNativeTarget "DinderTests" */;
			buildPhases = (
				C03920D3254F859900301427 /* Sources */,
				C03920D4254F859900301427 /* Frameworks */,
				C03920D5254F859900301427 /* Resources */,
			);
			buildRules = (
			);
			dependencies = (
				C03920D9254F859900301427 /* PBXTargetDependency */,
			);
			name = DinderTests;
			productName = DinderTests;
			productReference = C03920D7254F859900301427 /* DinderTests.xctest */;
			productType = "com.apple.product-type.bundle.unit-test";
		};
		C03920E1254F859900301427 /* DinderUITests */ = {
			isa = PBXNativeTarget;
			buildConfigurationList = C03920F1254F859900301427 /* Build configuration list for PBXNativeTarget "DinderUITests" */;
			buildPhases = (
				C03920DE254F859900301427 /* Sources */,
				C03920DF254F859900301427 /* Frameworks */,
				C03920E0254F859900301427 /* Resources */,
			);
			buildRules = (
			);
			dependencies = (
				C03920E4254F859900301427 /* PBXTargetDependency */,
			);
			name = DinderUITests;
			productName = DinderUITests;
			productReference = C03920E2254F859900301427 /* DinderUITests.xctest */;
			productType = "com.apple.product-type.bundle.ui-testing";
		};
/* End PBXNativeTarget section */

/* Begin PBXProject section */
		C03920BE254F859600301427 /* Project object */ = {
			isa = PBXProject;
			attributes = {
				LastSwiftUpdateCheck = 1210;
				LastUpgradeCheck = 1210;
				TargetAttributes = {
					C03920C5254F859600301427 = {
						CreatedOnToolsVersion = 12.1;
					};
					C03920D6254F859900301427 = {
						CreatedOnToolsVersion = 12.1;
						TestTargetID = C03920C5254F859600301427;
					};
					C03920E1254F859900301427 = {
						CreatedOnToolsVersion = 12.1;
						TestTargetID = C03920C5254F859600301427;
					};
				};
			};
			buildConfigurationList = C03920C1254F859600301427 /* Build configuration list for PBXProject "Dinder" */;
			compatibilityVersion = "Xcode 9.3";
			developmentRegion = en;
			hasScannedForEncodings = 0;
			knownRegions = (
				en,
				Base,
			);
			mainGroup = C03920BD254F859600301427;
			productRefGroup = C03920C7254F859600301427 /* Products */;
			projectDirPath = "";
			projectRoot = "";
			targets = (
				C03920C5254F859600301427 /* Dinder */,
				C03920D6254F859900301427 /* DinderTests */,
				C03920E1254F859900301427 /* DinderUITests */,
			);
		};
/* End PBXProject section */

/* Begin PBXResourcesBuildPhase section */
		C03920C4254F859600301427 /* Resources */ = {
			isa = PBXResourcesBuildPhase;
			buildActionMask = 2147483647;
			files = (
				C03920D1254F859900301427 /* Preview Assets.xcassets in Resources */,
				C03920CE254F859900301427 /* Assets.xcassets in Resources */,
			);
			runOnlyForDeploymentPostprocessing = 0;
		};
		C03920D5254F859900301427 /* Resources */ = {
			isa = PBXResourcesBuildPhase;
			buildActionMask = 2147483647;
			files = (
			);
			runOnlyForDeploymentPostprocessing = 0;
		};
		C03920E0254F859900301427 /* Resources */ = {
			isa = PBXResourcesBuildPhase;
			buildActionMask = 2147483647;
			files = (
			);
			runOnlyForDeploymentPostprocessing = 0;
		};
/* End PBXResourcesBuildPhase section */

/* Begin PBXSourcesBuildPhase section */
		C03920C2254F859600301427 /* Sources */ = {
			isa = PBXSourcesBuildPhase;
			buildActionMask = 2147483647;
			files = (
				C03920CC254F859600301427 /* ContentView.swift in Sources */,
				C03920CA254F859600301427 /* DinderApp.swift in Sources */,
			);
			runOnlyForDeploymentPostprocessing = 0;
		};
		C03920D3254F859900301427 /* Sources */ = {
			isa = PBXSourcesBuildPhase;
			buildActionMask = 2147483647;
			files = (
				C03920DC254F859900301427 /* DinderTests.swift in Sources */,
			);
			runOnlyForDeploymentPostprocessing = 0;
		};
		C03920DE254F859900301427 /* Sources */ = {
			isa = PBXSourcesBuildPhase;
			buildActionMask = 2147483647;
			files = (
				C03920E7254F859900301427 /* DinderUITests.swift in Sources */,
			);
			runOnlyForDeploymentPostprocessing = 0;
		};
/* End PBXSourcesBuildPhase section */

/* Begin PBXTargetDependency section */
		C03920D9254F859900301427 /* PBXTargetDependency */ = {
			isa = PBXTargetDependency;
			target = C03920C5254F859600301427 /* Dinder */;
			targetProxy = C03920D8254F859900301427 /* PBXContainerItemProxy */;
		};
		C03920E4254F859900301427 /* PBXTargetDependency */ = {
			isa = PBXTargetDependency;
			target = C03920C5254F859600301427 /* Dinder */;
			targetProxy = C03920E3254F859900301427 /* PBXContainerItemProxy */;
		};
/* End PBXTargetDependency section */

/* Begin XCBuildConfiguration section */
		C03920E9254F859900301427 /* Debug */ = {
			isa = XCBuildConfiguration;
			buildSettings = {
				ALWAYS_SEARCH_USER_PATHS = NO;
				CLANG_ANALYZER_NONNULL = YES;
				CLANG_ANALYZER_NUMBER_OBJECT_CONVERSION = YES_AGGRESSIVE;
				CLANG_CXX_LANGUAGE_STANDARD = "gnu++14";
				CLANG_CXX_LIBRARY = "libc++";
				CLANG_ENABLE_MODULES = YES;
				CLANG_ENABLE_OBJC_ARC = YES;
				CLANG_ENABLE_OBJC_WEAK = YES;
				CLANG_WARN_BLOCK_CAPTURE_AUTORELEASING = YES;
				CLANG_WARN_BOOL_CONVERSION = YES;
				CLANG_WARN_COMMA = YES;
				CLANG_WARN_CONSTANT_CONVERSION = YES;
				CLANG_WARN_DEPRECATED_OBJC_IMPLEMENTATIONS = YES;
				CLANG_WARN_DIRECT_OBJC_ISA_USAGE = YES_ERROR;
				CLANG_WARN_DOCUMENTATION_COMMENTS = YES;
				CLANG_WARN_EMPTY_BODY = YES;
				CLANG_WARN_ENUM_CONVERSION = YES;
				CLANG_WARN_INFINITE_RECURSION = YES;
				CLANG_WARN_INT_CONVERSION = YES;
				CLANG_WARN_NON_LITERAL_NULL_CONVERSION = YES;
				CLANG_WARN_OBJC_IMPLICIT_RETAIN_SELF = YES;
				CLANG_WARN_OBJC_LITERAL_CONVERSION = YES;
				CLANG_WARN_OBJC_ROOT_CLASS = YES_ERROR;
				CLANG_WARN_QUOTED_INCLUDE_IN_FRAMEWORK_HEADER = YES;
				CLANG_WARN_RANGE_LOOP_ANALYSIS = YES;
				CLANG_WARN_STRICT_PROTOTYPES = YES;
				CLANG_WARN_SUSPICIOUS_MOVE = YES;
				CLANG_WARN_UNGUARDED_AVAILABILITY = YES_AGGRESSIVE;
				CLANG_WARN_UNREACHABLE_CODE = YES;
				CLANG_WARN__DUPLICATE_METHOD_MATCH = YES;
				COPY_PHASE_STRIP = NO;
				DEBUG_INFORMATION_FORMAT = dwarf;
				ENABLE_STRICT_OBJC_MSGSEND = YES;
				ENABLE_TESTABILITY = YES;
				GCC_C_LANGUAGE_STANDARD = gnu11;
				GCC_DYNAMIC_NO_PIC = NO;
				GCC_NO_COMMON_BLOCKS = YES;
				GCC_OPTIMIZATION_LEVEL = 0;
				GCC_PREPROCESSOR_DEFINITIONS = (
					"DEBUG=1",
					"$(inherited)",
				);
				GCC_WARN_64_TO_32_BIT_CONVERSION = YES;
				GCC_WARN_ABOUT_RETURN_TYPE = YES_ERROR;
				GCC_WARN_UNDECLARED_SELECTOR = YES;
				GCC_WARN_UNINITIALIZED_AUTOS = YES_AGGRESSIVE;
				GCC_WARN_UNUSED_FUNCTION = YES;
				GCC_WARN_UNUSED_VARIABLE = YES;
				IPHONEOS_DEPLOYMENT_TARGET = 14.1;
				MTL_ENABLE_DEBUG_INFO = INCLUDE_SOURCE;
				MTL_FAST_MATH = YES;
				ONLY_ACTIVE_ARCH = YES;
				SDKROOT = iphoneos;
				SWIFT_ACTIVE_COMPILATION_CONDITIONS = DEBUG;
				SWIFT_OPTIMIZATION_LEVEL = "-Onone";
			};
			name = Debug;
		};
		C03920EA254F859900301427 /* Release */ = {
			isa = XCBuildConfiguration;
			buildSettings = {
				ALWAYS_SEARCH_USER_PATHS = NO;
				CLANG_ANALYZER_NONNULL = YES;
				CLANG_ANALYZER_NUMBER_OBJECT_CONVERSION = YES_AGGRESSIVE;
				CLANG_CXX_LANGUAGE_STANDARD = "gnu++14";
				CLANG_CXX_LIBRARY = "libc++";
				CLANG_ENABLE_MODULES = YES;
				CLANG_ENABLE_OBJC_ARC = YES;
				CLANG_ENABLE_OBJC_WEAK = YES;
				CLANG_WARN_BLOCK_CAPTURE_AUTORELEASING = YES;
				CLANG_WARN_BOOL_CONVERSION = YES;
				CLANG_WARN_COMMA = YES;
				CLANG_WARN_CONSTANT_CONVERSION = YES;
				CLANG_WARN_DEPRECATED_OBJC_IMPLEMENTATIONS = YES;
				CLANG_WARN_DIRECT_OBJC_ISA_USAGE = YES_ERROR;
				CLANG_WARN_DOCUMENTATION_COMMENTS = YES;
				CLANG_WARN_EMPTY_BODY = YES;
				CLANG_WARN_ENUM_CONVERSION = YES;
				CLANG_WARN_INFINITE_RECURSION = YES;
				CLANG_WARN_INT_CONVERSION = YES;
				CLANG_WARN_NON_LITERAL_NULL_CONVERSION = YES;
				CLANG_WARN_OBJC_IMPLICIT_RETAIN_SELF = YES;
				CLANG_WARN_OBJC_LITERAL_CONVERSION = YES;
				CLANG_WARN_OBJC_ROOT_CLASS = YES_ERROR;
				CLANG_WARN_QUOTED_INCLUDE_IN_FRAMEWORK_HEADER = YES;
				CLANG_WARN_RANGE_LOOP_ANALYSIS = YES;
				CLANG_WARN_STRICT_PROTOTYPES = YES;
				CLANG_WARN_SUSPICIOUS_MOVE = YES;
				CLANG_WARN_UNGUARDED_AVAILABILITY = YES_AGGRESSIVE;
				CLANG_WARN_UNREACHABLE_CODE = YES;
				CLANG_WARN__DUPLICATE_METHOD_MATCH = YES;
				COPY_PHASE_STRIP = NO;
				DEBUG_INFORMATION_FORMAT = "dwarf-with-dsym";
				ENABLE_NS_ASSERTIONS = NO;
				ENABLE_STRICT_OBJC_MSGSEND = YES;
				GCC_C_LANGUAGE_STANDARD = gnu11;
				GCC_NO_COMMON_BLOCKS = YES;
				GCC_WARN_64_TO_32_BIT_CONVERSION = YES;
				GCC_WARN_ABOUT_RETURN_TYPE = YES_ERROR;
				GCC_WARN_UNDECLARED_SELECTOR = YES;
				GCC_WARN_UNINITIALIZED_AUTOS = YES_AGGRESSIVE;
				GCC_WARN_UNUSED_FUNCTION = YES;
				GCC_WARN_UNUSED_VARIABLE = YES;
				IPHONEOS_DEPLOYMENT_TARGET = 14.1;
				MTL_ENABLE_DEBUG_INFO = NO;
				MTL_FAST_MATH = YES;
				SDKROOT = iphoneos;
				SWIFT_COMPILATION_MODE = wholemodule;
				SWIFT_OPTIMIZATION_LEVEL = "-O";
				VALIDATE_PRODUCT = YES;
			};
			name = Release;
		};
		C03920EC254F859900301427 /* Debug */ = {
			isa = XCBuildConfiguration;
			buildSettings = {
				ASSETCATALOG_COMPILER_APPICON_NAME = AppIcon;
				ASSETCATALOG_COMPILER_GLOBAL_ACCENT_COLOR_NAME = AccentColor;
				CODE_SIGN_STYLE = Automatic;
				DEVELOPMENT_ASSET_PATHS = "\"Dinder/Preview Content\"";
				DEVELOPMENT_TEAM = P662UHYL4T;
				ENABLE_PREVIEWS = YES;
				INFOPLIST_FILE = Dinder/Info.plist;
				IPHONEOS_DEPLOYMENT_TARGET = 14.0;
				LD_RUNPATH_SEARCH_PATHS = (
					"$(inherited)",
					"@executable_path/Frameworks",
				);
				PRODUCT_BUNDLE_IDENTIFIER = ShaunJorstad.Dinder;
				PRODUCT_NAME = "$(TARGET_NAME)";
				SWIFT_VERSION = 5.0;
				TARGETED_DEVICE_FAMILY = "1,2";
			};
			name = Debug;
		};
		C03920ED254F859900301427 /* Release */ = {
			isa = XCBuildConfiguration;
			buildSettings = {
				ASSETCATALOG_COMPILER_APPICON_NAME = AppIcon;
				ASSETCATALOG_COMPILER_GLOBAL_ACCENT_COLOR_NAME = AccentColor;
				CODE_SIGN_STYLE = Automatic;
				DEVELOPMENT_ASSET_PATHS = "\"Dinder/Preview Content\"";
				DEVELOPMENT_TEAM = P662UHYL4T;
				ENABLE_PREVIEWS = YES;
				INFOPLIST_FILE = Dinder/Info.plist;
				IPHONEOS_DEPLOYMENT_TARGET = 14.0;
				LD_RUNPATH_SEARCH_PATHS = (
					"$(inherited)",
					"@executable_path/Frameworks",
				);
				PRODUCT_BUNDLE_IDENTIFIER = ShaunJorstad.Dinder;
				PRODUCT_NAME = "$(TARGET_NAME)";
				SWIFT_VERSION = 5.0;
				TARGETED_DEVICE_FAMILY = "1,2";
			};
			name = Release;
		};
		C03920EF254F859900301427 /* Debug */ = {
			isa = XCBuildConfiguration;
			buildSettings = {
				ALWAYS_EMBED_SWIFT_STANDARD_LIBRARIES = YES;
				BUNDLE_LOADER = "$(TEST_HOST)";
				CODE_SIGN_STYLE = Automatic;
				DEVELOPMENT_TEAM = P662UHYL4T;
				INFOPLIST_FILE = DinderTests/Info.plist;
				IPHONEOS_DEPLOYMENT_TARGET = 14.0;
				LD_RUNPATH_SEARCH_PATHS = (
					"$(inherited)",
					"@executable_path/Frameworks",
					"@loader_path/Frameworks",
				);
				PRODUCT_BUNDLE_IDENTIFIER = ShaunJorstad.DinderTests;
				PRODUCT_NAME = "$(TARGET_NAME)";
				SWIFT_VERSION = 5.0;
				TARGETED_DEVICE_FAMILY = "1,2";
				TEST_HOST = "$(BUILT_PRODUCTS_DIR)/Dinder.app/Dinder";
			};
			name = Debug;
		};
		C03920F0254F859900301427 /* Release */ = {
			isa = XCBuildConfiguration;
			buildSettings = {
				ALWAYS_EMBED_SWIFT_STANDARD_LIBRARIES = YES;
				BUNDLE_LOADER = "$(TEST_HOST)";
				CODE_SIGN_STYLE = Automatic;
				DEVELOPMENT_TEAM = P662UHYL4T;
				INFOPLIST_FILE = DinderTests/Info.plist;
				IPHONEOS_DEPLOYMENT_TARGET = 14.0;
				LD_RUNPATH_SEARCH_PATHS = (
					"$(inherited)",
					"@executable_path/Frameworks",
					"@loader_path/Frameworks",
				);
				PRODUCT_BUNDLE_IDENTIFIER = ShaunJorstad.DinderTests;
				PRODUCT_NAME = "$(TARGET_NAME)";
				SWIFT_VERSION = 5.0;
				TARGETED_DEVICE_FAMILY = "1,2";
				TEST_HOST = "$(BUILT_PRODUCTS_DIR)/Dinder.app/Dinder";
			};
			name = Release;
		};
		C03920F2254F859900301427 /* Debug */ = {
			isa = XCBuildConfiguration;
			buildSettings = {
				ALWAYS_EMBED_SWIFT_STANDARD_LIBRARIES = YES;
				CODE_SIGN_STYLE = Automatic;
				DEVELOPMENT_TEAM = P662UHYL4T;
				INFOPLIST_FILE = DinderUITests/Info.plist;
				LD_RUNPATH_SEARCH_PATHS = (
					"$(inherited)",
					"@executable_path/Frameworks",
					"@loader_path/Frameworks",
				);
				PRODUCT_BUNDLE_IDENTIFIER = ShaunJorstad.DinderUITests;
				PRODUCT_NAME = "$(TARGET_NAME)";
				SWIFT_VERSION = 5.0;
				TARGETED_DEVICE_FAMILY = "1,2";
				TEST_TARGET_NAME = Dinder;
			};
			name = Debug;
		};
		C03920F3254F859900301427 /* Release */ = {
			isa = XCBuildConfiguration;
			buildSettings = {
				ALWAYS_EMBED_SWIFT_STANDARD_LIBRARIES = YES;
				CODE_SIGN_STYLE = Automatic;
				DEVELOPMENT_TEAM = P662UHYL4T;
				INFOPLIST_FILE = DinderUITests/Info.plist;
				LD_RUNPATH_SEARCH_PATHS = (
					"$(inherited)",
					"@executable_path/Frameworks",
					"@loader_path/Frameworks",
				);
				PRODUCT_BUNDLE_IDENTIFIER = ShaunJorstad.DinderUITests;
				PRODUCT_NAME = "$(TARGET_NAME)";
				SWIFT_VERSION = 5.0;
				TARGETED_DEVICE_FAMILY = "1,2";
				TEST_TARGET_NAME = Dinder;
			};
			name = Release;
		};
/* End XCBuildConfiguration section */

/* Begin XCConfigurationList section */
		C03920C1254F859600301427 /* Build configuration list for PBXProject "Dinder" */ = {
			isa = XCConfigurationList;
			buildConfigurations = (
				C03920E9254F859900301427 /* Debug */,
				C03920EA254F859900301427 /* Release */,
			);
			defaultConfigurationIsVisible = 0;
			defaultConfigurationName = Release;
		};
		C03920EB254F859900301427 /* Build configuration list for PBXNativeTarget "Dinder" */ = {
			isa = XCConfigurationList;
			buildConfigurations = (
				C03920EC254F859900301427 /* Debug */,
				C03920ED254F859900301427 /* Release */,
			);
			defaultConfigurationIsVisible = 0;
			defaultConfigurationName = Release;
		};
		C03920EE254F859900301427 /* Build configuration list for PBXNativeTarget "DinderTests" */ = {
			isa = XCConfigurationList;
			buildConfigurations = (
				C03920EF254F859900301427 /* Debug */,
				C03920F0254F859900301427 /* Release */,
			);
			defaultConfigurationIsVisible = 0;
			defaultConfigurationName = Release;
		};
		C03920F1254F859900301427 /* Build configuration list for PBXNativeTarget "DinderUITests" */ = {
			isa = XCConfigurationList;
			buildConfigurations = (
				C03920F2254F859900301427 /* Debug */,
				C03920F3254F859900301427 /* Release */,
			);
			defaultConfigurationIsVisible = 0;
			defaultConfigurationName = Release;
		};
/* End XCConfigurationList section */
	};
	rootObject = C03920BE254F859600301427 /* Project object */;
}
