// !$*UTF8*$!
{
	archiveVersion = 1;
	classes = {
	};
	objectVersion = 51;
	objects = {

/* Begin PBXBuildFile section */
		77CC1C3CDFF8CD297CBBD7F6 /* Pods_Dinder_DinderUITests.framework in Frameworks */ = {isa = PBXBuildFile; fileRef = 3FE4823B88B4D45D756F167C /* Pods_Dinder_DinderUITests.framework */; };
		9F19725F76F826113EE6993C /* Pods_DinderTests.framework in Frameworks */ = {isa = PBXBuildFile; fileRef = 48F43E3C2F756ED973B3DDE2 /* Pods_DinderTests.framework */; };
		A32075252555DF4F000C9EED /* DinderTextStyle.swift in Sources */ = {isa = PBXBuildFile; fileRef = A32075242555DF4F000C9EED /* DinderTextStyle.swift */; };
		A320752D2555E321000C9EED /* DinderTextFieldStyle.swift in Sources */ = {isa = PBXBuildFile; fileRef = A320752C2555E321000C9EED /* DinderTextFieldStyle.swift */; };
		C071818B2554CB7C007A39FF /* CreateSession.swift in Sources */ = {isa = PBXBuildFile; fileRef = C071818A2554CB7C007A39FF /* CreateSession.swift */; };
		C07181902554CDD9007A39FF /* DinderButtonStyle.swift in Sources */ = {isa = PBXBuildFile; fileRef = C071818F2554CDD9007A39FF /* DinderButtonStyle.swift */; };
		C08AC69D2555B2F500A47AA9 /* JoinSession.swift in Sources */ = {isa = PBXBuildFile; fileRef = C08AC69C2555B2F500A47AA9 /* JoinSession.swift */; };
		C091F140254FBA0900C3D983 /* GoogleService-Info.plist in Resources */ = {isa = PBXBuildFile; fileRef = C091F13F254FBA0900C3D983 /* GoogleService-Info.plist */; };
		C091F145254FBAF900C3D983 /* SessionStore.swift in Sources */ = {isa = PBXBuildFile; fileRef = C091F144254FBAF900C3D983 /* SessionStore.swift */; };
		C091F14A254FBC9900C3D983 /* SignInView.swift in Sources */ = {isa = PBXBuildFile; fileRef = C091F149254FBC9900C3D983 /* SignInView.swift */; };
		C091F14F254FC46A00C3D983 /* Account.swift in Sources */ = {isa = PBXBuildFile; fileRef = C091F14E254FC46A00C3D983 /* Account.swift */; };
		C0E2CD332555D5C000EDD986 /* LiveSession.swift in Sources */ = {isa = PBXBuildFile; fileRef = C0E2CD322555D5C000EDD986 /* LiveSession.swift */; };
		C0EABA14254FB93D00A701C0 /* AppDelegate.swift in Sources */ = {isa = PBXBuildFile; fileRef = C0EABA13254FB93D00A701C0 /* AppDelegate.swift */; };
		C0EABA16254FB93D00A701C0 /* SceneDelegate.swift in Sources */ = {isa = PBXBuildFile; fileRef = C0EABA15254FB93D00A701C0 /* SceneDelegate.swift */; };
		C0EABA18254FB93D00A701C0 /* ContentView.swift in Sources */ = {isa = PBXBuildFile; fileRef = C0EABA17254FB93D00A701C0 /* ContentView.swift */; };
		C0EABA1A254FB93F00A701C0 /* Assets.xcassets in Resources */ = {isa = PBXBuildFile; fileRef = C0EABA19254FB93F00A701C0 /* Assets.xcassets */; };
		C0EABA1D254FB93F00A701C0 /* Preview Assets.xcassets in Resources */ = {isa = PBXBuildFile; fileRef = C0EABA1C254FB93F00A701C0 /* Preview Assets.xcassets */; };
		C0EABA20254FB93F00A701C0 /* LaunchScreen.storyboard in Resources */ = {isa = PBXBuildFile; fileRef = C0EABA1E254FB93F00A701C0 /* LaunchScreen.storyboard */; };
		C0EABA2B254FB94000A701C0 /* DinderTests.swift in Sources */ = {isa = PBXBuildFile; fileRef = C0EABA2A254FB94000A701C0 /* DinderTests.swift */; };
		C0EABA36254FB94000A701C0 /* DinderUITests.swift in Sources */ = {isa = PBXBuildFile; fileRef = C0EABA35254FB94000A701C0 /* DinderUITests.swift */; };
		F9F7365EDC7EB899BDE82612 /* Pods_Dinder.framework in Frameworks */ = {isa = PBXBuildFile; fileRef = C6FEAC5CFB5E64749863A57F /* Pods_Dinder.framework */; };
/* End PBXBuildFile section */

/* Begin PBXContainerItemProxy section */
		C0EABA27254FB94000A701C0 /* PBXContainerItemProxy */ = {
			isa = PBXContainerItemProxy;
			containerPortal = C0EABA08254FB93D00A701C0 /* Project object */;
			proxyType = 1;
			remoteGlobalIDString = C0EABA0F254FB93D00A701C0;
			remoteInfo = Dinder;
		};
		C0EABA32254FB94000A701C0 /* PBXContainerItemProxy */ = {
			isa = PBXContainerItemProxy;
			containerPortal = C0EABA08254FB93D00A701C0 /* Project object */;
			proxyType = 1;
			remoteGlobalIDString = C0EABA0F254FB93D00A701C0;
			remoteInfo = Dinder;
		};
/* End PBXContainerItemProxy section */

/* Begin PBXFileReference section */
		108B89766484CD078D4314A7 /* Pods-Dinder.release.xcconfig */ = {isa = PBXFileReference; includeInIndex = 1; lastKnownFileType = text.xcconfig; name = "Pods-Dinder.release.xcconfig"; path = "Target Support Files/Pods-Dinder/Pods-Dinder.release.xcconfig"; sourceTree = "<group>"; };
		3563D0AD94B1319477126453 /* Pods-Dinder-DinderUITests.debug.xcconfig */ = {isa = PBXFileReference; includeInIndex = 1; lastKnownFileType = text.xcconfig; name = "Pods-Dinder-DinderUITests.debug.xcconfig"; path = "Target Support Files/Pods-Dinder-DinderUITests/Pods-Dinder-DinderUITests.debug.xcconfig"; sourceTree = "<group>"; };
		3FE4823B88B4D45D756F167C /* Pods_Dinder_DinderUITests.framework */ = {isa = PBXFileReference; explicitFileType = wrapper.framework; includeInIndex = 0; path = Pods_Dinder_DinderUITests.framework; sourceTree = BUILT_PRODUCTS_DIR; };
		48F43E3C2F756ED973B3DDE2 /* Pods_DinderTests.framework */ = {isa = PBXFileReference; explicitFileType = wrapper.framework; includeInIndex = 0; path = Pods_DinderTests.framework; sourceTree = BUILT_PRODUCTS_DIR; };
		91449BD2567B2DE2AA08F861 /* Pods-Dinder.debug.xcconfig */ = {isa = PBXFileReference; includeInIndex = 1; lastKnownFileType = text.xcconfig; name = "Pods-Dinder.debug.xcconfig"; path = "Target Support Files/Pods-Dinder/Pods-Dinder.debug.xcconfig"; sourceTree = "<group>"; };
		A32075242555DF4F000C9EED /* DinderTextStyle.swift */ = {isa = PBXFileReference; lastKnownFileType = sourcecode.swift; path = DinderTextStyle.swift; sourceTree = "<group>"; };
		A320752C2555E321000C9EED /* DinderTextFieldStyle.swift */ = {isa = PBXFileReference; lastKnownFileType = sourcecode.swift; path = DinderTextFieldStyle.swift; sourceTree = "<group>"; };
		C071818A2554CB7C007A39FF /* CreateSession.swift */ = {isa = PBXFileReference; fileEncoding = 4; lastKnownFileType = sourcecode.swift; path = CreateSession.swift; sourceTree = "<group>"; };
		C071818F2554CDD9007A39FF /* DinderButtonStyle.swift */ = {isa = PBXFileReference; fileEncoding = 4; lastKnownFileType = sourcecode.swift; path = DinderButtonStyle.swift; sourceTree = "<group>"; };
		C08AC69C2555B2F500A47AA9 /* JoinSession.swift */ = {isa = PBXFileReference; lastKnownFileType = sourcecode.swift; path = JoinSession.swift; sourceTree = "<group>"; };
		C091F13F254FBA0900C3D983 /* GoogleService-Info.plist */ = {isa = PBXFileReference; fileEncoding = 4; lastKnownFileType = text.plist.xml; path = "GoogleService-Info.plist"; sourceTree = "<group>"; };
		C091F144254FBAF900C3D983 /* SessionStore.swift */ = {isa = PBXFileReference; lastKnownFileType = sourcecode.swift; path = SessionStore.swift; sourceTree = "<group>"; };
		C091F149254FBC9900C3D983 /* SignInView.swift */ = {isa = PBXFileReference; lastKnownFileType = sourcecode.swift; path = SignInView.swift; sourceTree = "<group>"; };
		C091F14E254FC46A00C3D983 /* Account.swift */ = {isa = PBXFileReference; lastKnownFileType = sourcecode.swift; path = Account.swift; sourceTree = "<group>"; };
		C0E2CD322555D5C000EDD986 /* LiveSession.swift */ = {isa = PBXFileReference; lastKnownFileType = sourcecode.swift; path = LiveSession.swift; sourceTree = "<group>"; };
		C0EABA10254FB93D00A701C0 /* Dinder.app */ = {isa = PBXFileReference; explicitFileType = wrapper.application; includeInIndex = 0; path = Dinder.app; sourceTree = BUILT_PRODUCTS_DIR; };
		C0EABA13254FB93D00A701C0 /* AppDelegate.swift */ = {isa = PBXFileReference; lastKnownFileType = sourcecode.swift; path = AppDelegate.swift; sourceTree = "<group>"; };
		C0EABA15254FB93D00A701C0 /* SceneDelegate.swift */ = {isa = PBXFileReference; lastKnownFileType = sourcecode.swift; path = SceneDelegate.swift; sourceTree = "<group>"; };
		C0EABA17254FB93D00A701C0 /* ContentView.swift */ = {isa = PBXFileReference; lastKnownFileType = sourcecode.swift; path = ContentView.swift; sourceTree = "<group>"; };
		C0EABA19254FB93F00A701C0 /* Assets.xcassets */ = {isa = PBXFileReference; lastKnownFileType = folder.assetcatalog; path = Assets.xcassets; sourceTree = "<group>"; };
		C0EABA1C254FB93F00A701C0 /* Preview Assets.xcassets */ = {isa = PBXFileReference; lastKnownFileType = folder.assetcatalog; path = "Preview Assets.xcassets"; sourceTree = "<group>"; };
		C0EABA1F254FB93F00A701C0 /* Base */ = {isa = PBXFileReference; lastKnownFileType = file.storyboard; name = Base; path = Base.lproj/LaunchScreen.storyboard; sourceTree = "<group>"; };
		C0EABA21254FB93F00A701C0 /* Info.plist */ = {isa = PBXFileReference; lastKnownFileType = text.plist.xml; path = Info.plist; sourceTree = "<group>"; };
		C0EABA26254FB94000A701C0 /* DinderTests.xctest */ = {isa = PBXFileReference; explicitFileType = wrapper.cfbundle; includeInIndex = 0; path = DinderTests.xctest; sourceTree = BUILT_PRODUCTS_DIR; };
		C0EABA2A254FB94000A701C0 /* DinderTests.swift */ = {isa = PBXFileReference; lastKnownFileType = sourcecode.swift; path = DinderTests.swift; sourceTree = "<group>"; };
		C0EABA2C254FB94000A701C0 /* Info.plist */ = {isa = PBXFileReference; lastKnownFileType = text.plist.xml; path = Info.plist; sourceTree = "<group>"; };
		C0EABA31254FB94000A701C0 /* DinderUITests.xctest */ = {isa = PBXFileReference; explicitFileType = wrapper.cfbundle; includeInIndex = 0; path = DinderUITests.xctest; sourceTree = BUILT_PRODUCTS_DIR; };
		C0EABA35254FB94000A701C0 /* DinderUITests.swift */ = {isa = PBXFileReference; lastKnownFileType = sourcecode.swift; path = DinderUITests.swift; sourceTree = "<group>"; };
		C0EABA37254FB94000A701C0 /* Info.plist */ = {isa = PBXFileReference; lastKnownFileType = text.plist.xml; path = Info.plist; sourceTree = "<group>"; };
		C6FEAC5CFB5E64749863A57F /* Pods_Dinder.framework */ = {isa = PBXFileReference; explicitFileType = wrapper.framework; includeInIndex = 0; path = Pods_Dinder.framework; sourceTree = BUILT_PRODUCTS_DIR; };
		D3F0FF0F0BFCFE9756075E2B /* Pods-DinderTests.release.xcconfig */ = {isa = PBXFileReference; includeInIndex = 1; lastKnownFileType = text.xcconfig; name = "Pods-DinderTests.release.xcconfig"; path = "Target Support Files/Pods-DinderTests/Pods-DinderTests.release.xcconfig"; sourceTree = "<group>"; };
		F220F56DBA7FAB93B1AF4FB4 /* Pods-DinderTests.debug.xcconfig */ = {isa = PBXFileReference; includeInIndex = 1; lastKnownFileType = text.xcconfig; name = "Pods-DinderTests.debug.xcconfig"; path = "Target Support Files/Pods-DinderTests/Pods-DinderTests.debug.xcconfig"; sourceTree = "<group>"; };
		FF7E4618AE0AA89CB045B112 /* Pods-Dinder-DinderUITests.release.xcconfig */ = {isa = PBXFileReference; includeInIndex = 1; lastKnownFileType = text.xcconfig; name = "Pods-Dinder-DinderUITests.release.xcconfig"; path = "Target Support Files/Pods-Dinder-DinderUITests/Pods-Dinder-DinderUITests.release.xcconfig"; sourceTree = "<group>"; };
/* End PBXFileReference section */

/* Begin PBXFrameworksBuildPhase section */
		C0EABA0D254FB93D00A701C0 /* Frameworks */ = {
			isa = PBXFrameworksBuildPhase;
			buildActionMask = 2147483647;
			files = (
				F9F7365EDC7EB899BDE82612 /* Pods_Dinder.framework in Frameworks */,
			);
			runOnlyForDeploymentPostprocessing = 0;
		};
		C0EABA23254FB94000A701C0 /* Frameworks */ = {
			isa = PBXFrameworksBuildPhase;
			buildActionMask = 2147483647;
			files = (
				9F19725F76F826113EE6993C /* Pods_DinderTests.framework in Frameworks */,
			);
			runOnlyForDeploymentPostprocessing = 0;
		};
		C0EABA2E254FB94000A701C0 /* Frameworks */ = {
			isa = PBXFrameworksBuildPhase;
			buildActionMask = 2147483647;
			files = (
				77CC1C3CDFF8CD297CBBD7F6 /* Pods_Dinder_DinderUITests.framework in Frameworks */,
			);
			runOnlyForDeploymentPostprocessing = 0;
		};
/* End PBXFrameworksBuildPhase section */

/* Begin PBXGroup section */
		5EECF5A21D34EEC6B37A2ED3 /* Pods */ = {
			isa = PBXGroup;
			children = (
				91449BD2567B2DE2AA08F861 /* Pods-Dinder.debug.xcconfig */,
				108B89766484CD078D4314A7 /* Pods-Dinder.release.xcconfig */,
				3563D0AD94B1319477126453 /* Pods-Dinder-DinderUITests.debug.xcconfig */,
				FF7E4618AE0AA89CB045B112 /* Pods-Dinder-DinderUITests.release.xcconfig */,
				F220F56DBA7FAB93B1AF4FB4 /* Pods-DinderTests.debug.xcconfig */,
				D3F0FF0F0BFCFE9756075E2B /* Pods-DinderTests.release.xcconfig */,
			);
			path = Pods;
			sourceTree = "<group>";
		};
		A32075232555DF39000C9EED /* Style */ = {
			isa = PBXGroup;
			children = (
				C071818F2554CDD9007A39FF /* DinderButtonStyle.swift */,
				A32075242555DF4F000C9EED /* DinderTextStyle.swift */,
				A320752C2555E321000C9EED /* DinderTextFieldStyle.swift */,
			);
			path = Style;
			sourceTree = "<group>";
		};
		A872886F43833612ADB76218 /* Frameworks */ = {
			isa = PBXGroup;
			children = (
				C6FEAC5CFB5E64749863A57F /* Pods_Dinder.framework */,
				3FE4823B88B4D45D756F167C /* Pods_Dinder_DinderUITests.framework */,
				48F43E3C2F756ED973B3DDE2 /* Pods_DinderTests.framework */,
			);
			name = Frameworks;
			sourceTree = "<group>";
		};
		C0EABA07254FB93D00A701C0 = {
			isa = PBXGroup;
			children = (
				C0EABA12254FB93D00A701C0 /* Dinder */,
				C0EABA29254FB94000A701C0 /* DinderTests */,
				C0EABA34254FB94000A701C0 /* DinderUITests */,
				C0EABA11254FB93D00A701C0 /* Products */,
				5EECF5A21D34EEC6B37A2ED3 /* Pods */,
				A872886F43833612ADB76218 /* Frameworks */,
			);
			sourceTree = "<group>";
		};
		C0EABA11254FB93D00A701C0 /* Products */ = {
			isa = PBXGroup;
			children = (
				C0EABA10254FB93D00A701C0 /* Dinder.app */,
				C0EABA26254FB94000A701C0 /* DinderTests.xctest */,
				C0EABA31254FB94000A701C0 /* DinderUITests.xctest */,
			);
			name = Products;
			sourceTree = "<group>";
		};
		C0EABA12254FB93D00A701C0 /* Dinder */ = {
			isa = PBXGroup;
			children = (
				A32075232555DF39000C9EED /* Style */,
				C0EABA13254FB93D00A701C0 /* AppDelegate.swift */,
				C0EABA15254FB93D00A701C0 /* SceneDelegate.swift */,
				C0EABA17254FB93D00A701C0 /* ContentView.swift */,
				C0E2CD322555D5C000EDD986 /* LiveSession.swift */,
				C08AC69C2555B2F500A47AA9 /* JoinSession.swift */,
				C071818A2554CB7C007A39FF /* CreateSession.swift */,
				C091F14E254FC46A00C3D983 /* Account.swift */,
				C091F149254FBC9900C3D983 /* SignInView.swift */,
				C091F144254FBAF900C3D983 /* SessionStore.swift */,
				C091F13F254FBA0900C3D983 /* GoogleService-Info.plist */,
				C0EABA19254FB93F00A701C0 /* Assets.xcassets */,
				C0EABA1E254FB93F00A701C0 /* LaunchScreen.storyboard */,
				C0EABA21254FB93F00A701C0 /* Info.plist */,
				C0EABA1B254FB93F00A701C0 /* Preview Content */,
			);
			path = Dinder;
			sourceTree = "<group>";
		};
		C0EABA1B254FB93F00A701C0 /* Preview Content */ = {
			isa = PBXGroup;
			children = (
				C0EABA1C254FB93F00A701C0 /* Preview Assets.xcassets */,
			);
			path = "Preview Content";
			sourceTree = "<group>";
		};
		C0EABA29254FB94000A701C0 /* DinderTests */ = {
			isa = PBXGroup;
			children = (
				C0EABA2A254FB94000A701C0 /* DinderTests.swift */,
				C0EABA2C254FB94000A701C0 /* Info.plist */,
			);
			path = DinderTests;
			sourceTree = "<group>";
		};
		C0EABA34254FB94000A701C0 /* DinderUITests */ = {
			isa = PBXGroup;
			children = (
				C0EABA35254FB94000A701C0 /* DinderUITests.swift */,
				C0EABA37254FB94000A701C0 /* Info.plist */,
			);
			path = DinderUITests;
			sourceTree = "<group>";
		};
/* End PBXGroup section */

/* Begin PBXNativeTarget section */
		C0EABA0F254FB93D00A701C0 /* Dinder */ = {
			isa = PBXNativeTarget;
			buildConfigurationList = C0EABA3A254FB94000A701C0 /* Build configuration list for PBXNativeTarget "Dinder" */;
			buildPhases = (
				1C7295E911FC34E5ED17BFFE /* [CP] Check Pods Manifest.lock */,
				C0EABA0C254FB93D00A701C0 /* Sources */,
				C0EABA0D254FB93D00A701C0 /* Frameworks */,
				C0EABA0E254FB93D00A701C0 /* Resources */,
				5CEF8F90BB649FA47886296C /* [CP] Embed Pods Frameworks */,
				551C4BBB790B2A50FAE42AEA /* [CP] Copy Pods Resources */,
			);
			buildRules = (
			);
			dependencies = (
			);
			name = Dinder;
			productName = Dinder;
			productReference = C0EABA10254FB93D00A701C0 /* Dinder.app */;
			productType = "com.apple.product-type.application";
		};
		C0EABA25254FB94000A701C0 /* DinderTests */ = {
			isa = PBXNativeTarget;
			buildConfigurationList = C0EABA3D254FB94000A701C0 /* Build configuration list for PBXNativeTarget "DinderTests" */;
			buildPhases = (
				A986E910314780C66849E5A5 /* [CP] Check Pods Manifest.lock */,
				C0EABA22254FB94000A701C0 /* Sources */,
				C0EABA23254FB94000A701C0 /* Frameworks */,
				C0EABA24254FB94000A701C0 /* Resources */,
			);
			buildRules = (
			);
			dependencies = (
				C0EABA28254FB94000A701C0 /* PBXTargetDependency */,
			);
			name = DinderTests;
			productName = DinderTests;
			productReference = C0EABA26254FB94000A701C0 /* DinderTests.xctest */;
			productType = "com.apple.product-type.bundle.unit-test";
		};
		C0EABA30254FB94000A701C0 /* DinderUITests */ = {
			isa = PBXNativeTarget;
			buildConfigurationList = C0EABA40254FB94000A701C0 /* Build configuration list for PBXNativeTarget "DinderUITests" */;
			buildPhases = (
				1F2D2D32B6F3D7C1FC710FD2 /* [CP] Check Pods Manifest.lock */,
				C0EABA2D254FB94000A701C0 /* Sources */,
				C0EABA2E254FB94000A701C0 /* Frameworks */,
				C0EABA2F254FB94000A701C0 /* Resources */,
				4A82C895304F6D62DB2876D8 /* [CP] Embed Pods Frameworks */,
				CD16226060ECB9D8BF3059C6 /* [CP] Copy Pods Resources */,
			);
			buildRules = (
			);
			dependencies = (
				C0EABA33254FB94000A701C0 /* PBXTargetDependency */,
			);
			name = DinderUITests;
			productName = DinderUITests;
			productReference = C0EABA31254FB94000A701C0 /* DinderUITests.xctest */;
			productType = "com.apple.product-type.bundle.ui-testing";
		};
/* End PBXNativeTarget section */

/* Begin PBXProject section */
		C0EABA08254FB93D00A701C0 /* Project object */ = {
			isa = PBXProject;
			attributes = {
				LastSwiftUpdateCheck = 1210;
				LastUpgradeCheck = 1210;
				TargetAttributes = {
					C0EABA0F254FB93D00A701C0 = {
						CreatedOnToolsVersion = 12.1;
					};
					C0EABA25254FB94000A701C0 = {
						CreatedOnToolsVersion = 12.1;
						TestTargetID = C0EABA0F254FB93D00A701C0;
					};
					C0EABA30254FB94000A701C0 = {
						CreatedOnToolsVersion = 12.1;
						TestTargetID = C0EABA0F254FB93D00A701C0;
					};
				};
			};
			buildConfigurationList = C0EABA0B254FB93D00A701C0 /* Build configuration list for PBXProject "Dinder" */;
			compatibilityVersion = "Xcode 9.3";
			developmentRegion = en;
			hasScannedForEncodings = 0;
			knownRegions = (
				en,
				Base,
			);
			mainGroup = C0EABA07254FB93D00A701C0;
			productRefGroup = C0EABA11254FB93D00A701C0 /* Products */;
			projectDirPath = "";
			projectRoot = "";
			targets = (
				C0EABA0F254FB93D00A701C0 /* Dinder */,
				C0EABA25254FB94000A701C0 /* DinderTests */,
				C0EABA30254FB94000A701C0 /* DinderUITests */,
			);
		};
/* End PBXProject section */

/* Begin PBXResourcesBuildPhase section */
		C0EABA0E254FB93D00A701C0 /* Resources */ = {
			isa = PBXResourcesBuildPhase;
			buildActionMask = 2147483647;
			files = (
				C0EABA20254FB93F00A701C0 /* LaunchScreen.storyboard in Resources */,
				C091F140254FBA0900C3D983 /* GoogleService-Info.plist in Resources */,
				C0EABA1D254FB93F00A701C0 /* Preview Assets.xcassets in Resources */,
				C0EABA1A254FB93F00A701C0 /* Assets.xcassets in Resources */,
			);
			runOnlyForDeploymentPostprocessing = 0;
		};
		C0EABA24254FB94000A701C0 /* Resources */ = {
			isa = PBXResourcesBuildPhase;
			buildActionMask = 2147483647;
			files = (
			);
			runOnlyForDeploymentPostprocessing = 0;
		};
		C0EABA2F254FB94000A701C0 /* Resources */ = {
			isa = PBXResourcesBuildPhase;
			buildActionMask = 2147483647;
			files = (
			);
			runOnlyForDeploymentPostprocessing = 0;
		};
/* End PBXResourcesBuildPhase section */

/* Begin PBXShellScriptBuildPhase section */
		1C7295E911FC34E5ED17BFFE /* [CP] Check Pods Manifest.lock */ = {
			isa = PBXShellScriptBuildPhase;
			buildActionMask = 2147483647;
			files = (
			);
			inputFileListPaths = (
			);
			inputPaths = (
				"${PODS_PODFILE_DIR_PATH}/Podfile.lock",
				"${PODS_ROOT}/Manifest.lock",
			);
			name = "[CP] Check Pods Manifest.lock";
			outputFileListPaths = (
			);
			outputPaths = (
				"$(DERIVED_FILE_DIR)/Pods-Dinder-checkManifestLockResult.txt",
			);
			runOnlyForDeploymentPostprocessing = 0;
			shellPath = /bin/sh;
			shellScript = "diff \"${PODS_PODFILE_DIR_PATH}/Podfile.lock\" \"${PODS_ROOT}/Manifest.lock\" > /dev/null\nif [ $? != 0 ] ; then\n    # print error to STDERR\n    echo \"error: The sandbox is not in sync with the Podfile.lock. Run 'pod install' or update your CocoaPods installation.\" >&2\n    exit 1\nfi\n# This output is used by Xcode 'outputs' to avoid re-running this script phase.\necho \"SUCCESS\" > \"${SCRIPT_OUTPUT_FILE_0}\"\n";
			showEnvVarsInLog = 0;
		};
		1F2D2D32B6F3D7C1FC710FD2 /* [CP] Check Pods Manifest.lock */ = {
			isa = PBXShellScriptBuildPhase;
			buildActionMask = 2147483647;
			files = (
			);
			inputFileListPaths = (
			);
			inputPaths = (
				"${PODS_PODFILE_DIR_PATH}/Podfile.lock",
				"${PODS_ROOT}/Manifest.lock",
			);
			name = "[CP] Check Pods Manifest.lock";
			outputFileListPaths = (
			);
			outputPaths = (
				"$(DERIVED_FILE_DIR)/Pods-Dinder-DinderUITests-checkManifestLockResult.txt",
			);
			runOnlyForDeploymentPostprocessing = 0;
			shellPath = /bin/sh;
			shellScript = "diff \"${PODS_PODFILE_DIR_PATH}/Podfile.lock\" \"${PODS_ROOT}/Manifest.lock\" > /dev/null\nif [ $? != 0 ] ; then\n    # print error to STDERR\n    echo \"error: The sandbox is not in sync with the Podfile.lock. Run 'pod install' or update your CocoaPods installation.\" >&2\n    exit 1\nfi\n# This output is used by Xcode 'outputs' to avoid re-running this script phase.\necho \"SUCCESS\" > \"${SCRIPT_OUTPUT_FILE_0}\"\n";
			showEnvVarsInLog = 0;
		};
		4A82C895304F6D62DB2876D8 /* [CP] Embed Pods Frameworks */ = {
			isa = PBXShellScriptBuildPhase;
			buildActionMask = 2147483647;
			files = (
			);
			inputFileListPaths = (
				"${PODS_ROOT}/Target Support Files/Pods-Dinder-DinderUITests/Pods-Dinder-DinderUITests-frameworks-${CONFIGURATION}-input-files.xcfilelist",
			);
			name = "[CP] Embed Pods Frameworks";
			outputFileListPaths = (
				"${PODS_ROOT}/Target Support Files/Pods-Dinder-DinderUITests/Pods-Dinder-DinderUITests-frameworks-${CONFIGURATION}-output-files.xcfilelist",
			);
			runOnlyForDeploymentPostprocessing = 0;
			shellPath = /bin/sh;
			shellScript = "\"${PODS_ROOT}/Target Support Files/Pods-Dinder-DinderUITests/Pods-Dinder-DinderUITests-frameworks.sh\"\n";
			showEnvVarsInLog = 0;
		};
		551C4BBB790B2A50FAE42AEA /* [CP] Copy Pods Resources */ = {
			isa = PBXShellScriptBuildPhase;
			buildActionMask = 2147483647;
			files = (
			);
			inputFileListPaths = (
				"${PODS_ROOT}/Target Support Files/Pods-Dinder/Pods-Dinder-resources-${CONFIGURATION}-input-files.xcfilelist",
			);
			name = "[CP] Copy Pods Resources";
			outputFileListPaths = (
				"${PODS_ROOT}/Target Support Files/Pods-Dinder/Pods-Dinder-resources-${CONFIGURATION}-output-files.xcfilelist",
			);
			runOnlyForDeploymentPostprocessing = 0;
			shellPath = /bin/sh;
			shellScript = "\"${PODS_ROOT}/Target Support Files/Pods-Dinder/Pods-Dinder-resources.sh\"\n";
			showEnvVarsInLog = 0;
		};
		5CEF8F90BB649FA47886296C /* [CP] Embed Pods Frameworks */ = {
			isa = PBXShellScriptBuildPhase;
			buildActionMask = 2147483647;
			files = (
			);
			inputFileListPaths = (
				"${PODS_ROOT}/Target Support Files/Pods-Dinder/Pods-Dinder-frameworks-${CONFIGURATION}-input-files.xcfilelist",
			);
			name = "[CP] Embed Pods Frameworks";
			outputFileListPaths = (
				"${PODS_ROOT}/Target Support Files/Pods-Dinder/Pods-Dinder-frameworks-${CONFIGURATION}-output-files.xcfilelist",
			);
			runOnlyForDeploymentPostprocessing = 0;
			shellPath = /bin/sh;
			shellScript = "\"${PODS_ROOT}/Target Support Files/Pods-Dinder/Pods-Dinder-frameworks.sh\"\n";
			showEnvVarsInLog = 0;
		};
		A986E910314780C66849E5A5 /* [CP] Check Pods Manifest.lock */ = {
			isa = PBXShellScriptBuildPhase;
			buildActionMask = 2147483647;
			files = (
			);
			inputFileListPaths = (
			);
			inputPaths = (
				"${PODS_PODFILE_DIR_PATH}/Podfile.lock",
				"${PODS_ROOT}/Manifest.lock",
			);
			name = "[CP] Check Pods Manifest.lock";
			outputFileListPaths = (
			);
			outputPaths = (
				"$(DERIVED_FILE_DIR)/Pods-DinderTests-checkManifestLockResult.txt",
			);
			runOnlyForDeploymentPostprocessing = 0;
			shellPath = /bin/sh;
			shellScript = "diff \"${PODS_PODFILE_DIR_PATH}/Podfile.lock\" \"${PODS_ROOT}/Manifest.lock\" > /dev/null\nif [ $? != 0 ] ; then\n    # print error to STDERR\n    echo \"error: The sandbox is not in sync with the Podfile.lock. Run 'pod install' or update your CocoaPods installation.\" >&2\n    exit 1\nfi\n# This output is used by Xcode 'outputs' to avoid re-running this script phase.\necho \"SUCCESS\" > \"${SCRIPT_OUTPUT_FILE_0}\"\n";
			showEnvVarsInLog = 0;
		};
		CD16226060ECB9D8BF3059C6 /* [CP] Copy Pods Resources */ = {
			isa = PBXShellScriptBuildPhase;
			buildActionMask = 2147483647;
			files = (
			);
			inputFileListPaths = (
				"${PODS_ROOT}/Target Support Files/Pods-Dinder-DinderUITests/Pods-Dinder-DinderUITests-resources-${CONFIGURATION}-input-files.xcfilelist",
			);
			name = "[CP] Copy Pods Resources";
			outputFileListPaths = (
				"${PODS_ROOT}/Target Support Files/Pods-Dinder-DinderUITests/Pods-Dinder-DinderUITests-resources-${CONFIGURATION}-output-files.xcfilelist",
			);
			runOnlyForDeploymentPostprocessing = 0;
			shellPath = /bin/sh;
			shellScript = "\"${PODS_ROOT}/Target Support Files/Pods-Dinder-DinderUITests/Pods-Dinder-DinderUITests-resources.sh\"\n";
			showEnvVarsInLog = 0;
		};
/* End PBXShellScriptBuildPhase section */

/* Begin PBXSourcesBuildPhase section */
		C0EABA0C254FB93D00A701C0 /* Sources */ = {
			isa = PBXSourcesBuildPhase;
			buildActionMask = 2147483647;
			files = (
				C071818B2554CB7C007A39FF /* CreateSession.swift in Sources */,
				A320752D2555E321000C9EED /* DinderTextFieldStyle.swift in Sources */,
				C0EABA14254FB93D00A701C0 /* AppDelegate.swift in Sources */,
				C08AC69D2555B2F500A47AA9 /* JoinSession.swift in Sources */,
				C0EABA16254FB93D00A701C0 /* SceneDelegate.swift in Sources */,
				C0E2CD332555D5C000EDD986 /* LiveSession.swift in Sources */,
				C091F145254FBAF900C3D983 /* SessionStore.swift in Sources */,
				C0EABA18254FB93D00A701C0 /* ContentView.swift in Sources */,
				A32075252555DF4F000C9EED /* DinderTextStyle.swift in Sources */,
				C07181902554CDD9007A39FF /* DinderButtonStyle.swift in Sources */,
				C091F14A254FBC9900C3D983 /* SignInView.swift in Sources */,
				C091F14F254FC46A00C3D983 /* Account.swift in Sources */,
			);
			runOnlyForDeploymentPostprocessing = 0;
		};
		C0EABA22254FB94000A701C0 /* Sources */ = {
			isa = PBXSourcesBuildPhase;
			buildActionMask = 2147483647;
			files = (
				C0EABA2B254FB94000A701C0 /* DinderTests.swift in Sources */,
			);
			runOnlyForDeploymentPostprocessing = 0;
		};
		C0EABA2D254FB94000A701C0 /* Sources */ = {
			isa = PBXSourcesBuildPhase;
			buildActionMask = 2147483647;
			files = (
				C0EABA36254FB94000A701C0 /* DinderUITests.swift in Sources */,
			);
			runOnlyForDeploymentPostprocessing = 0;
		};
/* End PBXSourcesBuildPhase section */

/* Begin PBXTargetDependency section */
		C0EABA28254FB94000A701C0 /* PBXTargetDependency */ = {
			isa = PBXTargetDependency;
			target = C0EABA0F254FB93D00A701C0 /* Dinder */;
			targetProxy = C0EABA27254FB94000A701C0 /* PBXContainerItemProxy */;
		};
		C0EABA33254FB94000A701C0 /* PBXTargetDependency */ = {
			isa = PBXTargetDependency;
			target = C0EABA0F254FB93D00A701C0 /* Dinder */;
			targetProxy = C0EABA32254FB94000A701C0 /* PBXContainerItemProxy */;
		};
/* End PBXTargetDependency section */

/* Begin PBXVariantGroup section */
		C0EABA1E254FB93F00A701C0 /* LaunchScreen.storyboard */ = {
			isa = PBXVariantGroup;
			children = (
				C0EABA1F254FB93F00A701C0 /* Base */,
			);
			name = LaunchScreen.storyboard;
			sourceTree = "<group>";
		};
/* End PBXVariantGroup section */

/* Begin XCBuildConfiguration section */
		C0EABA38254FB94000A701C0 /* Debug */ = {
			isa = XCBuildConfiguration;
			buildSettings = {
				ALWAYS_SEARCH_USER_PATHS = NO;
				CLANG_ANALYZER_NONNULL = YES;
				CLANG_ANALYZER_NUMBER_OBJECT_CONVERSION = YES_AGGRESSIVE;
				CLANG_CXX_LANGUAGE_STANDARD = "gnu++14";
				CLANG_CXX_LIBRARY = "libc++";
				CLANG_ENABLE_MODULES = YES;
				CLANG_ENABLE_OBJC_ARC = YES;
				CLANG_ENABLE_OBJC_WEAK = YES;
				CLANG_WARN_BLOCK_CAPTURE_AUTORELEASING = YES;
				CLANG_WARN_BOOL_CONVERSION = YES;
				CLANG_WARN_COMMA = YES;
				CLANG_WARN_CONSTANT_CONVERSION = YES;
				CLANG_WARN_DEPRECATED_OBJC_IMPLEMENTATIONS = YES;
				CLANG_WARN_DIRECT_OBJC_ISA_USAGE = YES_ERROR;
				CLANG_WARN_DOCUMENTATION_COMMENTS = YES;
				CLANG_WARN_EMPTY_BODY = YES;
				CLANG_WARN_ENUM_CONVERSION = YES;
				CLANG_WARN_INFINITE_RECURSION = YES;
				CLANG_WARN_INT_CONVERSION = YES;
				CLANG_WARN_NON_LITERAL_NULL_CONVERSION = YES;
				CLANG_WARN_OBJC_IMPLICIT_RETAIN_SELF = YES;
				CLANG_WARN_OBJC_LITERAL_CONVERSION = YES;
				CLANG_WARN_OBJC_ROOT_CLASS = YES_ERROR;
				CLANG_WARN_QUOTED_INCLUDE_IN_FRAMEWORK_HEADER = YES;
				CLANG_WARN_RANGE_LOOP_ANALYSIS = YES;
				CLANG_WARN_STRICT_PROTOTYPES = YES;
				CLANG_WARN_SUSPICIOUS_MOVE = YES;
				CLANG_WARN_UNGUARDED_AVAILABILITY = YES_AGGRESSIVE;
				CLANG_WARN_UNREACHABLE_CODE = YES;
				CLANG_WARN__DUPLICATE_METHOD_MATCH = YES;
				COPY_PHASE_STRIP = NO;
				DEBUG_INFORMATION_FORMAT = dwarf;
				ENABLE_STRICT_OBJC_MSGSEND = YES;
				ENABLE_TESTABILITY = YES;
				GCC_C_LANGUAGE_STANDARD = gnu11;
				GCC_DYNAMIC_NO_PIC = NO;
				GCC_NO_COMMON_BLOCKS = YES;
				GCC_OPTIMIZATION_LEVEL = 0;
				GCC_PREPROCESSOR_DEFINITIONS = (
					"DEBUG=1",
					"$(inherited)",
				);
				GCC_WARN_64_TO_32_BIT_CONVERSION = YES;
				GCC_WARN_ABOUT_RETURN_TYPE = YES_ERROR;
				GCC_WARN_UNDECLARED_SELECTOR = YES;
				GCC_WARN_UNINITIALIZED_AUTOS = YES_AGGRESSIVE;
				GCC_WARN_UNUSED_FUNCTION = YES;
				GCC_WARN_UNUSED_VARIABLE = YES;
				IPHONEOS_DEPLOYMENT_TARGET = 14.1;
				MTL_ENABLE_DEBUG_INFO = INCLUDE_SOURCE;
				MTL_FAST_MATH = YES;
				ONLY_ACTIVE_ARCH = YES;
				SDKROOT = iphoneos;
				SWIFT_ACTIVE_COMPILATION_CONDITIONS = DEBUG;
				SWIFT_OPTIMIZATION_LEVEL = "-Onone";
			};
			name = Debug;
		};
		C0EABA39254FB94000A701C0 /* Release */ = {
			isa = XCBuildConfiguration;
			buildSettings = {
				ALWAYS_SEARCH_USER_PATHS = NO;
				CLANG_ANALYZER_NONNULL = YES;
				CLANG_ANALYZER_NUMBER_OBJECT_CONVERSION = YES_AGGRESSIVE;
				CLANG_CXX_LANGUAGE_STANDARD = "gnu++14";
				CLANG_CXX_LIBRARY = "libc++";
				CLANG_ENABLE_MODULES = YES;
				CLANG_ENABLE_OBJC_ARC = YES;
				CLANG_ENABLE_OBJC_WEAK = YES;
				CLANG_WARN_BLOCK_CAPTURE_AUTORELEASING = YES;
				CLANG_WARN_BOOL_CONVERSION = YES;
				CLANG_WARN_COMMA = YES;
				CLANG_WARN_CONSTANT_CONVERSION = YES;
				CLANG_WARN_DEPRECATED_OBJC_IMPLEMENTATIONS = YES;
				CLANG_WARN_DIRECT_OBJC_ISA_USAGE = YES_ERROR;
				CLANG_WARN_DOCUMENTATION_COMMENTS = YES;
				CLANG_WARN_EMPTY_BODY = YES;
				CLANG_WARN_ENUM_CONVERSION = YES;
				CLANG_WARN_INFINITE_RECURSION = YES;
				CLANG_WARN_INT_CONVERSION = YES;
				CLANG_WARN_NON_LITERAL_NULL_CONVERSION = YES;
				CLANG_WARN_OBJC_IMPLICIT_RETAIN_SELF = YES;
				CLANG_WARN_OBJC_LITERAL_CONVERSION = YES;
				CLANG_WARN_OBJC_ROOT_CLASS = YES_ERROR;
				CLANG_WARN_QUOTED_INCLUDE_IN_FRAMEWORK_HEADER = YES;
				CLANG_WARN_RANGE_LOOP_ANALYSIS = YES;
				CLANG_WARN_STRICT_PROTOTYPES = YES;
				CLANG_WARN_SUSPICIOUS_MOVE = YES;
				CLANG_WARN_UNGUARDED_AVAILABILITY = YES_AGGRESSIVE;
				CLANG_WARN_UNREACHABLE_CODE = YES;
				CLANG_WARN__DUPLICATE_METHOD_MATCH = YES;
				COPY_PHASE_STRIP = NO;
				DEBUG_INFORMATION_FORMAT = "dwarf-with-dsym";
				ENABLE_NS_ASSERTIONS = NO;
				ENABLE_STRICT_OBJC_MSGSEND = YES;
				GCC_C_LANGUAGE_STANDARD = gnu11;
				GCC_NO_COMMON_BLOCKS = YES;
				GCC_WARN_64_TO_32_BIT_CONVERSION = YES;
				GCC_WARN_ABOUT_RETURN_TYPE = YES_ERROR;
				GCC_WARN_UNDECLARED_SELECTOR = YES;
				GCC_WARN_UNINITIALIZED_AUTOS = YES_AGGRESSIVE;
				GCC_WARN_UNUSED_FUNCTION = YES;
				GCC_WARN_UNUSED_VARIABLE = YES;
				IPHONEOS_DEPLOYMENT_TARGET = 14.1;
				MTL_ENABLE_DEBUG_INFO = NO;
				MTL_FAST_MATH = YES;
				SDKROOT = iphoneos;
				SWIFT_COMPILATION_MODE = wholemodule;
				SWIFT_OPTIMIZATION_LEVEL = "-O";
				VALIDATE_PRODUCT = YES;
			};
			name = Release;
		};
		C0EABA3B254FB94000A701C0 /* Debug */ = {
			isa = XCBuildConfiguration;
			baseConfigurationReference = 91449BD2567B2DE2AA08F861 /* Pods-Dinder.debug.xcconfig */;
			buildSettings = {
				ASSETCATALOG_COMPILER_APPICON_NAME = AppIcon;
				ASSETCATALOG_COMPILER_GLOBAL_ACCENT_COLOR_NAME = AccentColor;
				CODE_SIGN_STYLE = Automatic;
				DEVELOPMENT_ASSET_PATHS = "\"Dinder/Preview Content\"";
				DEVELOPMENT_TEAM = P662UHYL4T;
				ENABLE_PREVIEWS = YES;
				INFOPLIST_FILE = Dinder/Info.plist;
				LD_RUNPATH_SEARCH_PATHS = (
					"$(inherited)",
					"@executable_path/Frameworks",
				);
				PRODUCT_BUNDLE_IDENTIFIER = ShaunJorstad.Dinder;
				PRODUCT_NAME = "$(TARGET_NAME)";
				SWIFT_VERSION = 5.0;
				TARGETED_DEVICE_FAMILY = "1,2";
			};
			name = Debug;
		};
		C0EABA3C254FB94000A701C0 /* Release */ = {
			isa = XCBuildConfiguration;
			baseConfigurationReference = 108B89766484CD078D4314A7 /* Pods-Dinder.release.xcconfig */;
			buildSettings = {
				ASSETCATALOG_COMPILER_APPICON_NAME = AppIcon;
				ASSETCATALOG_COMPILER_GLOBAL_ACCENT_COLOR_NAME = AccentColor;
				CODE_SIGN_STYLE = Automatic;
				DEVELOPMENT_ASSET_PATHS = "\"Dinder/Preview Content\"";
				DEVELOPMENT_TEAM = P662UHYL4T;
				ENABLE_PREVIEWS = YES;
				INFOPLIST_FILE = Dinder/Info.plist;
				LD_RUNPATH_SEARCH_PATHS = (
					"$(inherited)",
					"@executable_path/Frameworks",
				);
				PRODUCT_BUNDLE_IDENTIFIER = ShaunJorstad.Dinder;
				PRODUCT_NAME = "$(TARGET_NAME)";
				SWIFT_VERSION = 5.0;
				TARGETED_DEVICE_FAMILY = "1,2";
			};
			name = Release;
		};
		C0EABA3E254FB94000A701C0 /* Debug */ = {
			isa = XCBuildConfiguration;
			baseConfigurationReference = F220F56DBA7FAB93B1AF4FB4 /* Pods-DinderTests.debug.xcconfig */;
			buildSettings = {
				ALWAYS_EMBED_SWIFT_STANDARD_LIBRARIES = YES;
				BUNDLE_LOADER = "$(TEST_HOST)";
				CODE_SIGN_STYLE = Automatic;
				DEVELOPMENT_TEAM = P662UHYL4T;
				INFOPLIST_FILE = DinderTests/Info.plist;
				IPHONEOS_DEPLOYMENT_TARGET = 14.1;
				LD_RUNPATH_SEARCH_PATHS = (
					"$(inherited)",
					"@executable_path/Frameworks",
					"@loader_path/Frameworks",
				);
				PRODUCT_BUNDLE_IDENTIFIER = ShaunJorstad.DinderTests;
				PRODUCT_NAME = "$(TARGET_NAME)";
				SWIFT_VERSION = 5.0;
				TARGETED_DEVICE_FAMILY = "1,2";
				TEST_HOST = "$(BUILT_PRODUCTS_DIR)/Dinder.app/Dinder";
			};
			name = Debug;
		};
		C0EABA3F254FB94000A701C0 /* Release */ = {
			isa = XCBuildConfiguration;
			baseConfigurationReference = D3F0FF0F0BFCFE9756075E2B /* Pods-DinderTests.release.xcconfig */;
			buildSettings = {
				ALWAYS_EMBED_SWIFT_STANDARD_LIBRARIES = YES;
				BUNDLE_LOADER = "$(TEST_HOST)";
				CODE_SIGN_STYLE = Automatic;
				DEVELOPMENT_TEAM = P662UHYL4T;
				INFOPLIST_FILE = DinderTests/Info.plist;
				IPHONEOS_DEPLOYMENT_TARGET = 14.1;
				LD_RUNPATH_SEARCH_PATHS = (
					"$(inherited)",
					"@executable_path/Frameworks",
					"@loader_path/Frameworks",
				);
				PRODUCT_BUNDLE_IDENTIFIER = ShaunJorstad.DinderTests;
				PRODUCT_NAME = "$(TARGET_NAME)";
				SWIFT_VERSION = 5.0;
				TARGETED_DEVICE_FAMILY = "1,2";
				TEST_HOST = "$(BUILT_PRODUCTS_DIR)/Dinder.app/Dinder";
			};
			name = Release;
		};
		C0EABA41254FB94000A701C0 /* Debug */ = {
			isa = XCBuildConfiguration;
			baseConfigurationReference = 3563D0AD94B1319477126453 /* Pods-Dinder-DinderUITests.debug.xcconfig */;
			buildSettings = {
				ALWAYS_EMBED_SWIFT_STANDARD_LIBRARIES = YES;
				CODE_SIGN_STYLE = Automatic;
				DEVELOPMENT_TEAM = P662UHYL4T;
				INFOPLIST_FILE = DinderUITests/Info.plist;
				LD_RUNPATH_SEARCH_PATHS = (
					"$(inherited)",
					"@executable_path/Frameworks",
					"@loader_path/Frameworks",
				);
				PRODUCT_BUNDLE_IDENTIFIER = ShaunJorstad.DinderUITests;
				PRODUCT_NAME = "$(TARGET_NAME)";
				SWIFT_VERSION = 5.0;
				TARGETED_DEVICE_FAMILY = "1,2";
				TEST_TARGET_NAME = Dinder;
			};
			name = Debug;
		};
		C0EABA42254FB94000A701C0 /* Release */ = {
			isa = XCBuildConfiguration;
			baseConfigurationReference = FF7E4618AE0AA89CB045B112 /* Pods-Dinder-DinderUITests.release.xcconfig */;
			buildSettings = {
				ALWAYS_EMBED_SWIFT_STANDARD_LIBRARIES = YES;
				CODE_SIGN_STYLE = Automatic;
				DEVELOPMENT_TEAM = P662UHYL4T;
				INFOPLIST_FILE = DinderUITests/Info.plist;
				LD_RUNPATH_SEARCH_PATHS = (
					"$(inherited)",
					"@executable_path/Frameworks",
					"@loader_path/Frameworks",
				);
				PRODUCT_BUNDLE_IDENTIFIER = ShaunJorstad.DinderUITests;
				PRODUCT_NAME = "$(TARGET_NAME)";
				SWIFT_VERSION = 5.0;
				TARGETED_DEVICE_FAMILY = "1,2";
				TEST_TARGET_NAME = Dinder;
			};
			name = Release;
		};
/* End XCBuildConfiguration section */

/* Begin XCConfigurationList section */
		C0EABA0B254FB93D00A701C0 /* Build configuration list for PBXProject "Dinder" */ = {
			isa = XCConfigurationList;
			buildConfigurations = (
				C0EABA38254FB94000A701C0 /* Debug */,
				C0EABA39254FB94000A701C0 /* Release */,
			);
			defaultConfigurationIsVisible = 0;
			defaultConfigurationName = Release;
		};
		C0EABA3A254FB94000A701C0 /* Build configuration list for PBXNativeTarget "Dinder" */ = {
			isa = XCConfigurationList;
			buildConfigurations = (
				C0EABA3B254FB94000A701C0 /* Debug */,
				C0EABA3C254FB94000A701C0 /* Release */,
			);
			defaultConfigurationIsVisible = 0;
			defaultConfigurationName = Release;
		};
		C0EABA3D254FB94000A701C0 /* Build configuration list for PBXNativeTarget "DinderTests" */ = {
			isa = XCConfigurationList;
			buildConfigurations = (
				C0EABA3E254FB94000A701C0 /* Debug */,
				C0EABA3F254FB94000A701C0 /* Release */,
			);
			defaultConfigurationIsVisible = 0;
			defaultConfigurationName = Release;
		};
		C0EABA40254FB94000A701C0 /* Build configuration list for PBXNativeTarget "DinderUITests" */ = {
			isa = XCConfigurationList;
			buildConfigurations = (
				C0EABA41254FB94000A701C0 /* Debug */,
				C0EABA42254FB94000A701C0 /* Release */,
			);
			defaultConfigurationIsVisible = 0;
			defaultConfigurationName = Release;
		};
/* End XCConfigurationList section */
	};
	rootObject = C0EABA08254FB93D00A701C0 /* Project object */;
}
